// !$*UTF8*$!
{
	archiveVersion = 1;
	classes = {
	};
	objectVersion = 55;
	objects = {

/* Begin PBXBuildFile section */
		9E5BE003C6C0977C793E422B /* Pods_GithubFetcher2_0.framework in Frameworks */ = {isa = PBXBuildFile; fileRef = A9ECEF6EC6CDB3EC886FA652 /* Pods_GithubFetcher2_0.framework */; };
		D7518FA61418ABA6684EC78F /* Pods_GithubFetcher2_0Tests.framework in Frameworks */ = {isa = PBXBuildFile; fileRef = 36789ED58A697AFA1220E0F5 /* Pods_GithubFetcher2_0Tests.framework */; };
		E00CF3862847591000191E8C /* GithubServiceTests.swift in Sources */ = {isa = PBXBuildFile; fileRef = E00CF3852847591000191E8C /* GithubServiceTests.swift */; };
		E00CF3892847670400191E8C /* SearchResult.swift in Sources */ = {isa = PBXBuildFile; fileRef = E00CF3882847670400191E8C /* SearchResult.swift */; };
		E01C9B6328465E5500CA5B95 /* MainCoordinator.swift in Sources */ = {isa = PBXBuildFile; fileRef = E01C9B6228465E5500CA5B95 /* MainCoordinator.swift */; };
		E01C9B732846632D00CA5B95 /* RepositoriesResponse.json in Resources */ = {isa = PBXBuildFile; fileRef = E01C9B722846632D00CA5B95 /* RepositoriesResponse.json */; };
		E01C9B7F284664BD00CA5B95 /* NetworkService.swift in Sources */ = {isa = PBXBuildFile; fileRef = E01C9B7E284664BD00CA5B95 /* NetworkService.swift */; };
		E01C9B81284664E300CA5B95 /* GithubTarget.swift in Sources */ = {isa = PBXBuildFile; fileRef = E01C9B80284664E300CA5B95 /* GithubTarget.swift */; };
		E01C9B8528466A0800CA5B95 /* Repository.swift in Sources */ = {isa = PBXBuildFile; fileRef = E01C9B8428466A0800CA5B95 /* Repository.swift */; };
		E01C9B8728466BB900CA5B95 /* GFNetworkError.swift in Sources */ = {isa = PBXBuildFile; fileRef = E01C9B8628466BB900CA5B95 /* GFNetworkError.swift */; };
		E01C9B8C2846799800CA5B95 /* MockMoyaProvider.swift in Sources */ = {isa = PBXBuildFile; fileRef = E01C9B8B2846799800CA5B95 /* MockMoyaProvider.swift */; };
		E01C9B91284679E700CA5B95 /* GithubTarget+SampleData.swift in Sources */ = {isa = PBXBuildFile; fileRef = E01C9B90284679E700CA5B95 /* GithubTarget+SampleData.swift */; };
		E01C9B9628467AB800CA5B95 /* SampleDataKeeper.swift in Sources */ = {isa = PBXBuildFile; fileRef = E01C9B9528467AB800CA5B95 /* SampleDataKeeper.swift */; };
		E03CA8692846582500708AE1 /* AppDelegate.swift in Sources */ = {isa = PBXBuildFile; fileRef = E03CA8682846582500708AE1 /* AppDelegate.swift */; };
		E03CA86B2846582500708AE1 /* SceneDelegate.swift in Sources */ = {isa = PBXBuildFile; fileRef = E03CA86A2846582500708AE1 /* SceneDelegate.swift */; };
		E03CA8722846582900708AE1 /* Assets.xcassets in Resources */ = {isa = PBXBuildFile; fileRef = E03CA8712846582900708AE1 /* Assets.xcassets */; };
		E03CA8752846582900708AE1 /* LaunchScreen.storyboard in Resources */ = {isa = PBXBuildFile; fileRef = E03CA8732846582900708AE1 /* LaunchScreen.storyboard */; };
		E04365BE284A26F800A3D8D6 /* SearchListViewModelTests.swift in Sources */ = {isa = PBXBuildFile; fileRef = E04365BD284A26F800A3D8D6 /* SearchListViewModelTests.swift */; };
		E04365C1284A278200A3D8D6 /* SearchListViewModel.swift in Sources */ = {isa = PBXBuildFile; fileRef = E04365C0284A278200A3D8D6 /* SearchListViewModel.swift */; };
		E04365C4284A2AD900A3D8D6 /* GFUserError.swift in Sources */ = {isa = PBXBuildFile; fileRef = E04365C3284A2AD900A3D8D6 /* GFUserError.swift */; };
		E049104E284AAA3500C1C54F /* ViewConstants.swift in Sources */ = {isa = PBXBuildFile; fileRef = E049104D284AAA3500C1C54F /* ViewConstants.swift */; };
		E0697799284A5D5A00EE6F17 /* SearchListViewController.swift in Sources */ = {isa = PBXBuildFile; fileRef = E0697797284A5D5A00EE6F17 /* SearchListViewController.swift */; };
		E069779A284A5D5A00EE6F17 /* SearchListViewController.xib in Resources */ = {isa = PBXBuildFile; fileRef = E0697798284A5D5A00EE6F17 /* SearchListViewController.xib */; };
		E069779D284A5E1300EE6F17 /* SearchListTableViewCellViewModel.swift in Sources */ = {isa = PBXBuildFile; fileRef = E069779C284A5E1300EE6F17 /* SearchListTableViewCellViewModel.swift */; };
		E06977A0284A5E3500EE6F17 /* SearchListTableViewCell.swift in Sources */ = {isa = PBXBuildFile; fileRef = E069779E284A5E3500EE6F17 /* SearchListTableViewCell.swift */; };
		E06977A1284A5E3500EE6F17 /* SearchListTableViewCell.xib in Resources */ = {isa = PBXBuildFile; fileRef = E069779F284A5E3500EE6F17 /* SearchListTableViewCell.xib */; };
/* End PBXBuildFile section */

/* Begin PBXContainerItemProxy section */
		E03CA87C2846582900708AE1 /* PBXContainerItemProxy */ = {
			isa = PBXContainerItemProxy;
			containerPortal = E03CA85D2846582500708AE1 /* Project object */;
			proxyType = 1;
			remoteGlobalIDString = E03CA8642846582500708AE1;
			remoteInfo = GithubFetcher2.0;
		};
/* End PBXContainerItemProxy section */

/* Begin PBXFileReference section */
		36789ED58A697AFA1220E0F5 /* Pods_GithubFetcher2_0Tests.framework */ = {isa = PBXFileReference; explicitFileType = wrapper.framework; includeInIndex = 0; path = Pods_GithubFetcher2_0Tests.framework; sourceTree = BUILT_PRODUCTS_DIR; };
		5C2C37D2CBB83E5766AE11A0 /* Pods-GithubFetcher2.0Tests.release.xcconfig */ = {isa = PBXFileReference; includeInIndex = 1; lastKnownFileType = text.xcconfig; name = "Pods-GithubFetcher2.0Tests.release.xcconfig"; path = "Target Support Files/Pods-GithubFetcher2.0Tests/Pods-GithubFetcher2.0Tests.release.xcconfig"; sourceTree = "<group>"; };
		772AC0A9B10ACD0501BFAB59 /* Pods-GithubFetcher2.0Tests.debug.xcconfig */ = {isa = PBXFileReference; includeInIndex = 1; lastKnownFileType = text.xcconfig; name = "Pods-GithubFetcher2.0Tests.debug.xcconfig"; path = "Target Support Files/Pods-GithubFetcher2.0Tests/Pods-GithubFetcher2.0Tests.debug.xcconfig"; sourceTree = "<group>"; };
		8FE3332F5B5F7C0A38A0E446 /* Pods-GithubFetcher2.0.release.xcconfig */ = {isa = PBXFileReference; includeInIndex = 1; lastKnownFileType = text.xcconfig; name = "Pods-GithubFetcher2.0.release.xcconfig"; path = "Target Support Files/Pods-GithubFetcher2.0/Pods-GithubFetcher2.0.release.xcconfig"; sourceTree = "<group>"; };
		A9ECEF6EC6CDB3EC886FA652 /* Pods_GithubFetcher2_0.framework */ = {isa = PBXFileReference; explicitFileType = wrapper.framework; includeInIndex = 0; path = Pods_GithubFetcher2_0.framework; sourceTree = BUILT_PRODUCTS_DIR; };
		C1319FCA72A33CD349AA2184 /* Pods-GithubFetcher2.0.debug.xcconfig */ = {isa = PBXFileReference; includeInIndex = 1; lastKnownFileType = text.xcconfig; name = "Pods-GithubFetcher2.0.debug.xcconfig"; path = "Target Support Files/Pods-GithubFetcher2.0/Pods-GithubFetcher2.0.debug.xcconfig"; sourceTree = "<group>"; };
		E00CF3852847591000191E8C /* GithubServiceTests.swift */ = {isa = PBXFileReference; lastKnownFileType = sourcecode.swift; path = GithubServiceTests.swift; sourceTree = "<group>"; };
		E00CF3882847670400191E8C /* SearchResult.swift */ = {isa = PBXFileReference; lastKnownFileType = sourcecode.swift; path = SearchResult.swift; sourceTree = "<group>"; };
		E01C9B6228465E5500CA5B95 /* MainCoordinator.swift */ = {isa = PBXFileReference; lastKnownFileType = sourcecode.swift; path = MainCoordinator.swift; sourceTree = "<group>"; };
		E01C9B722846632D00CA5B95 /* RepositoriesResponse.json */ = {isa = PBXFileReference; lastKnownFileType = text.json; path = RepositoriesResponse.json; sourceTree = "<group>"; };
		E01C9B7E284664BD00CA5B95 /* NetworkService.swift */ = {isa = PBXFileReference; lastKnownFileType = sourcecode.swift; path = NetworkService.swift; sourceTree = "<group>"; };
		E01C9B80284664E300CA5B95 /* GithubTarget.swift */ = {isa = PBXFileReference; lastKnownFileType = sourcecode.swift; path = GithubTarget.swift; sourceTree = "<group>"; };
		E01C9B8428466A0800CA5B95 /* Repository.swift */ = {isa = PBXFileReference; lastKnownFileType = sourcecode.swift; path = Repository.swift; sourceTree = "<group>"; };
		E01C9B8628466BB900CA5B95 /* GFNetworkError.swift */ = {isa = PBXFileReference; lastKnownFileType = sourcecode.swift; path = GFNetworkError.swift; sourceTree = "<group>"; };
		E01C9B8B2846799800CA5B95 /* MockMoyaProvider.swift */ = {isa = PBXFileReference; lastKnownFileType = sourcecode.swift; path = MockMoyaProvider.swift; sourceTree = "<group>"; };
		E01C9B90284679E700CA5B95 /* GithubTarget+SampleData.swift */ = {isa = PBXFileReference; lastKnownFileType = sourcecode.swift; path = "GithubTarget+SampleData.swift"; sourceTree = "<group>"; };
		E01C9B9528467AB800CA5B95 /* SampleDataKeeper.swift */ = {isa = PBXFileReference; lastKnownFileType = sourcecode.swift; path = SampleDataKeeper.swift; sourceTree = "<group>"; };
		E03CA8652846582500708AE1 /* GithubFetcher2.0.app */ = {isa = PBXFileReference; explicitFileType = wrapper.application; includeInIndex = 0; path = GithubFetcher2.0.app; sourceTree = BUILT_PRODUCTS_DIR; };
		E03CA8682846582500708AE1 /* AppDelegate.swift */ = {isa = PBXFileReference; lastKnownFileType = sourcecode.swift; path = AppDelegate.swift; sourceTree = "<group>"; };
		E03CA86A2846582500708AE1 /* SceneDelegate.swift */ = {isa = PBXFileReference; lastKnownFileType = sourcecode.swift; path = SceneDelegate.swift; sourceTree = "<group>"; };
		E03CA8712846582900708AE1 /* Assets.xcassets */ = {isa = PBXFileReference; lastKnownFileType = folder.assetcatalog; path = Assets.xcassets; sourceTree = "<group>"; };
		E03CA8742846582900708AE1 /* Base */ = {isa = PBXFileReference; lastKnownFileType = file.storyboard; name = Base; path = Base.lproj/LaunchScreen.storyboard; sourceTree = "<group>"; };
		E03CA8762846582900708AE1 /* Info.plist */ = {isa = PBXFileReference; lastKnownFileType = text.plist.xml; path = Info.plist; sourceTree = "<group>"; };
		E03CA87B2846582900708AE1 /* GithubFetcher2.0Tests.xctest */ = {isa = PBXFileReference; explicitFileType = wrapper.cfbundle; includeInIndex = 0; path = GithubFetcher2.0Tests.xctest; sourceTree = BUILT_PRODUCTS_DIR; };
		E03CA8982846585B00708AE1 /* .gitignore */ = {isa = PBXFileReference; lastKnownFileType = text; path = .gitignore; sourceTree = "<group>"; };
		E03CA89A2846586F00708AE1 /* README.md */ = {isa = PBXFileReference; explicitFileType = net.daringfireball.markdown; path = README.md; sourceTree = "<group>"; };
		E03CA89C28465C7100708AE1 /* Podfile */ = {isa = PBXFileReference; lastKnownFileType = text; path = Podfile; sourceTree = SOURCE_ROOT; xcLanguageSpecificationIdentifier = xcode.lang.ruby; };
		E04365BD284A26F800A3D8D6 /* SearchListViewModelTests.swift */ = {isa = PBXFileReference; lastKnownFileType = sourcecode.swift; path = SearchListViewModelTests.swift; sourceTree = "<group>"; };
		E04365C0284A278200A3D8D6 /* SearchListViewModel.swift */ = {isa = PBXFileReference; lastKnownFileType = sourcecode.swift; path = SearchListViewModel.swift; sourceTree = "<group>"; };
		E04365C3284A2AD900A3D8D6 /* GFUserError.swift */ = {isa = PBXFileReference; lastKnownFileType = sourcecode.swift; path = GFUserError.swift; sourceTree = "<group>"; };
		E049104D284AAA3500C1C54F /* ViewConstants.swift */ = {isa = PBXFileReference; lastKnownFileType = sourcecode.swift; path = ViewConstants.swift; sourceTree = "<group>"; };
		E0697797284A5D5A00EE6F17 /* SearchListViewController.swift */ = {isa = PBXFileReference; lastKnownFileType = sourcecode.swift; path = SearchListViewController.swift; sourceTree = "<group>"; };
		E0697798284A5D5A00EE6F17 /* SearchListViewController.xib */ = {isa = PBXFileReference; lastKnownFileType = file.xib; path = SearchListViewController.xib; sourceTree = "<group>"; };
		E069779C284A5E1300EE6F17 /* SearchListTableViewCellViewModel.swift */ = {isa = PBXFileReference; lastKnownFileType = sourcecode.swift; path = SearchListTableViewCellViewModel.swift; sourceTree = "<group>"; };
		E069779E284A5E3500EE6F17 /* SearchListTableViewCell.swift */ = {isa = PBXFileReference; lastKnownFileType = sourcecode.swift; path = SearchListTableViewCell.swift; sourceTree = "<group>"; };
		E069779F284A5E3500EE6F17 /* SearchListTableViewCell.xib */ = {isa = PBXFileReference; lastKnownFileType = file.xib; path = SearchListTableViewCell.xib; sourceTree = "<group>"; };
/* End PBXFileReference section */

/* Begin PBXFrameworksBuildPhase section */
		E03CA8622846582500708AE1 /* Frameworks */ = {
			isa = PBXFrameworksBuildPhase;
			buildActionMask = 2147483647;
			files = (
				9E5BE003C6C0977C793E422B /* Pods_GithubFetcher2_0.framework in Frameworks */,
			);
			runOnlyForDeploymentPostprocessing = 0;
		};
		E03CA8782846582900708AE1 /* Frameworks */ = {
			isa = PBXFrameworksBuildPhase;
			buildActionMask = 2147483647;
			files = (
				D7518FA61418ABA6684EC78F /* Pods_GithubFetcher2_0Tests.framework in Frameworks */,
			);
			runOnlyForDeploymentPostprocessing = 0;
		};
/* End PBXFrameworksBuildPhase section */

/* Begin PBXGroup section */
		1511970FF878EDA7486BC439 /* Pods */ = {
			isa = PBXGroup;
			children = (
				C1319FCA72A33CD349AA2184 /* Pods-GithubFetcher2.0.debug.xcconfig */,
				8FE3332F5B5F7C0A38A0E446 /* Pods-GithubFetcher2.0.release.xcconfig */,
				772AC0A9B10ACD0501BFAB59 /* Pods-GithubFetcher2.0Tests.debug.xcconfig */,
				5C2C37D2CBB83E5766AE11A0 /* Pods-GithubFetcher2.0Tests.release.xcconfig */,
			);
			path = Pods;
			sourceTree = "<group>";
		};
		5970F2BACAA84839823D81D9 /* Frameworks */ = {
			isa = PBXGroup;
			children = (
				A9ECEF6EC6CDB3EC886FA652 /* Pods_GithubFetcher2_0.framework */,
				36789ED58A697AFA1220E0F5 /* Pods_GithubFetcher2_0Tests.framework */,
			);
			name = Frameworks;
			sourceTree = "<group>";
		};
		E01C9B5F28465DF400CA5B95 /* Model */ = {
			isa = PBXGroup;
			children = (
				E04365C2284A2ABF00A3D8D6 /* Errors */,
				E01C9B762846638E00CA5B95 /* Network */,
			);
			path = Model;
			sourceTree = "<group>";
		};
		E01C9B6028465DF900CA5B95 /* Views */ = {
			isa = PBXGroup;
			children = (
				E04365BF284A277200A3D8D6 /* SearchView */,
				E01C9B6228465E5500CA5B95 /* MainCoordinator.swift */,
				E049104D284AAA3500C1C54F /* ViewConstants.swift */,
			);
			path = Views;
			sourceTree = "<group>";
		};
		E01C9B6128465E0600CA5B95 /* SupportingFiles */ = {
			isa = PBXGroup;
			children = (
				E03CA8682846582500708AE1 /* AppDelegate.swift */,
				E03CA86A2846582500708AE1 /* SceneDelegate.swift */,
				E03CA8712846582900708AE1 /* Assets.xcassets */,
				E03CA8732846582900708AE1 /* LaunchScreen.storyboard */,
				E03CA8762846582900708AE1 /* Info.plist */,
			);
			name = SupportingFiles;
			sourceTree = "<group>";
		};
		E01C9B69284661F700CA5B95 /* Cases */ = {
			isa = PBXGroup;
			children = (
				E04365BB284A26D800A3D8D6 /* Views */,
				E01C9B6A2846620400CA5B95 /* Model */,
			);
			path = Cases;
			sourceTree = "<group>";
		};
		E01C9B6A2846620400CA5B95 /* Model */ = {
			isa = PBXGroup;
			children = (
				E00CF3852847591000191E8C /* GithubServiceTests.swift */,
			);
			path = Model;
			sourceTree = "<group>";
		};
		E01C9B6B2846621800CA5B95 /* Mocks */ = {
			isa = PBXGroup;
			children = (
				E01C9B6C2846622000CA5B95 /* Model */,
			);
			path = Mocks;
			sourceTree = "<group>";
		};
		E01C9B6C2846622000CA5B95 /* Model */ = {
			isa = PBXGroup;
			children = (
				E01C9B8A2846797E00CA5B95 /* Network */,
			);
			path = Model;
			sourceTree = "<group>";
		};
		E01C9B6D2846622800CA5B95 /* Entities */ = {
			isa = PBXGroup;
			children = (
				E01C9B722846632D00CA5B95 /* RepositoriesResponse.json */,
			);
			path = Entities;
			sourceTree = "<group>";
		};
		E01C9B762846638E00CA5B95 /* Network */ = {
			isa = PBXGroup;
			children = (
				E01C9B832846689000CA5B95 /* Entities */,
				E01C9B822846656000CA5B95 /* MoyaTarget */,
				E01C9B7E284664BD00CA5B95 /* NetworkService.swift */,
			);
			path = Network;
			sourceTree = "<group>";
		};
		E01C9B822846656000CA5B95 /* MoyaTarget */ = {
			isa = PBXGroup;
			children = (
				E01C9B80284664E300CA5B95 /* GithubTarget.swift */,
			);
			path = MoyaTarget;
			sourceTree = "<group>";
		};
		E01C9B832846689000CA5B95 /* Entities */ = {
			isa = PBXGroup;
			children = (
				E01C9B8428466A0800CA5B95 /* Repository.swift */,
			);
			path = Entities;
			sourceTree = "<group>";
		};
		E01C9B882846796100CA5B95 /* HelperClasses */ = {
			isa = PBXGroup;
			children = (
				E01C9B9228467A9900CA5B95 /* Model */,
			);
			path = HelperClasses;
			sourceTree = "<group>";
		};
		E01C9B892846796E00CA5B95 /* HelperExtension */ = {
			isa = PBXGroup;
			children = (
				E01C9B8D284679C400CA5B95 /* Model */,
			);
			path = HelperExtension;
			sourceTree = "<group>";
		};
		E01C9B8A2846797E00CA5B95 /* Network */ = {
			isa = PBXGroup;
			children = (
				E01C9B6D2846622800CA5B95 /* Entities */,
				E01C9B8B2846799800CA5B95 /* MockMoyaProvider.swift */,
			);
			path = Network;
			sourceTree = "<group>";
		};
		E01C9B8D284679C400CA5B95 /* Model */ = {
			isa = PBXGroup;
			children = (
				E01C9B8E284679C900CA5B95 /* Netowork */,
			);
			path = Model;
			sourceTree = "<group>";
		};
		E01C9B8E284679C900CA5B95 /* Netowork */ = {
			isa = PBXGroup;
			children = (
				E01C9B8F284679D400CA5B95 /* MoyaTarget */,
			);
			path = Netowork;
			sourceTree = "<group>";
		};
		E01C9B8F284679D400CA5B95 /* MoyaTarget */ = {
			isa = PBXGroup;
			children = (
				E01C9B90284679E700CA5B95 /* GithubTarget+SampleData.swift */,
			);
			path = MoyaTarget;
			sourceTree = "<group>";
		};
		E01C9B9228467A9900CA5B95 /* Model */ = {
			isa = PBXGroup;
			children = (
				E01C9B9328467AA000CA5B95 /* Network */,
			);
			path = Model;
			sourceTree = "<group>";
		};
		E01C9B9328467AA000CA5B95 /* Network */ = {
			isa = PBXGroup;
			children = (
				E01C9B9428467AAD00CA5B95 /* Entities */,
			);
			path = Network;
			sourceTree = "<group>";
		};
		E01C9B9428467AAD00CA5B95 /* Entities */ = {
			isa = PBXGroup;
			children = (
				E01C9B9528467AB800CA5B95 /* SampleDataKeeper.swift */,
				E00CF3882847670400191E8C /* SearchResult.swift */,
			);
			path = Entities;
			sourceTree = "<group>";
		};
		E03CA85C2846582500708AE1 = {
			isa = PBXGroup;
			children = (
				E03CA89C28465C7100708AE1 /* Podfile */,
				E03CA89A2846586F00708AE1 /* README.md */,
				E03CA8982846585B00708AE1 /* .gitignore */,
				E03CA8672846582500708AE1 /* GithubFetcher2.0 */,
				E03CA87E2846582900708AE1 /* GithubFetcher2.0Tests */,
				E03CA8662846582500708AE1 /* Products */,
				1511970FF878EDA7486BC439 /* Pods */,
				5970F2BACAA84839823D81D9 /* Frameworks */,
			);
			sourceTree = "<group>";
		};
		E03CA8662846582500708AE1 /* Products */ = {
			isa = PBXGroup;
			children = (
				E03CA8652846582500708AE1 /* GithubFetcher2.0.app */,
				E03CA87B2846582900708AE1 /* GithubFetcher2.0Tests.xctest */,
			);
			name = Products;
			sourceTree = "<group>";
		};
		E03CA8672846582500708AE1 /* GithubFetcher2.0 */ = {
			isa = PBXGroup;
			children = (
				E01C9B6128465E0600CA5B95 /* SupportingFiles */,
				E01C9B6028465DF900CA5B95 /* Views */,
				E01C9B5F28465DF400CA5B95 /* Model */,
			);
			path = GithubFetcher2.0;
			sourceTree = "<group>";
		};
		E03CA87E2846582900708AE1 /* GithubFetcher2.0Tests */ = {
			isa = PBXGroup;
			children = (
				E01C9B892846796E00CA5B95 /* HelperExtension */,
				E01C9B882846796100CA5B95 /* HelperClasses */,
				E01C9B6B2846621800CA5B95 /* Mocks */,
				E01C9B69284661F700CA5B95 /* Cases */,
			);
			path = GithubFetcher2.0Tests;
			sourceTree = "<group>";
		};
		E04365BB284A26D800A3D8D6 /* Views */ = {
			isa = PBXGroup;
			children = (
				E04365BC284A26E000A3D8D6 /* SearchView */,
			);
			path = Views;
			sourceTree = "<group>";
		};
		E04365BC284A26E000A3D8D6 /* SearchView */ = {
			isa = PBXGroup;
			children = (
				E04365BD284A26F800A3D8D6 /* SearchListViewModelTests.swift */,
			);
			path = SearchView;
			sourceTree = "<group>";
		};
		E04365BF284A277200A3D8D6 /* SearchView */ = {
			isa = PBXGroup;
			children = (
				E069779B284A5DFF00EE6F17 /* SearchListCell */,
				E0697795284A5D2400EE6F17 /* SearchList */,
			);
			path = SearchView;
			sourceTree = "<group>";
		};
		E04365C2284A2ABF00A3D8D6 /* Errors */ = {
			isa = PBXGroup;
			children = (
				E01C9B8628466BB900CA5B95 /* GFNetworkError.swift */,
				E04365C3284A2AD900A3D8D6 /* GFUserError.swift */,
			);
			path = Errors;
			sourceTree = "<group>";
		};
		E0697795284A5D2400EE6F17 /* SearchList */ = {
			isa = PBXGroup;
			children = (
				E04365C0284A278200A3D8D6 /* SearchListViewModel.swift */,
				E0697797284A5D5A00EE6F17 /* SearchListViewController.swift */,
				E0697798284A5D5A00EE6F17 /* SearchListViewController.xib */,
			);
			path = SearchList;
			sourceTree = "<group>";
		};
		E069779B284A5DFF00EE6F17 /* SearchListCell */ = {
			isa = PBXGroup;
			children = (
				E069779C284A5E1300EE6F17 /* SearchListTableViewCellViewModel.swift */,
				E069779E284A5E3500EE6F17 /* SearchListTableViewCell.swift */,
				E069779F284A5E3500EE6F17 /* SearchListTableViewCell.xib */,
			);
			path = SearchListCell;
			sourceTree = "<group>";
		};
/* End PBXGroup section */

/* Begin PBXNativeTarget section */
		E03CA8642846582500708AE1 /* GithubFetcher2.0 */ = {
			isa = PBXNativeTarget;
			buildConfigurationList = E03CA88F2846582900708AE1 /* Build configuration list for PBXNativeTarget "GithubFetcher2.0" */;
			buildPhases = (
				6BB6461940F944BD52404A16 /* [CP] Check Pods Manifest.lock */,
				E03CA8612846582500708AE1 /* Sources */,
				E03CA8622846582500708AE1 /* Frameworks */,
				E03CA8632846582500708AE1 /* Resources */,
				DC107DBF152ECB3BC344D325 /* [CP] Embed Pods Frameworks */,
			);
			buildRules = (
			);
			dependencies = (
			);
			name = GithubFetcher2.0;
			productName = GithubFetcher2.0;
			productReference = E03CA8652846582500708AE1 /* GithubFetcher2.0.app */;
			productType = "com.apple.product-type.application";
		};
		E03CA87A2846582900708AE1 /* GithubFetcher2.0Tests */ = {
			isa = PBXNativeTarget;
			buildConfigurationList = E03CA8922846582900708AE1 /* Build configuration list for PBXNativeTarget "GithubFetcher2.0Tests" */;
			buildPhases = (
				08663813AE8954321776C734 /* [CP] Check Pods Manifest.lock */,
				E03CA8772846582900708AE1 /* Sources */,
				E03CA8782846582900708AE1 /* Frameworks */,
				E03CA8792846582900708AE1 /* Resources */,
				B489337BCA20EF545E5D5C65 /* [CP] Embed Pods Frameworks */,
			);
			buildRules = (
			);
			dependencies = (
				E03CA87D2846582900708AE1 /* PBXTargetDependency */,
			);
			name = GithubFetcher2.0Tests;
			productName = GithubFetcher2.0Tests;
			productReference = E03CA87B2846582900708AE1 /* GithubFetcher2.0Tests.xctest */;
			productType = "com.apple.product-type.bundle.unit-test";
		};
/* End PBXNativeTarget section */

/* Begin PBXProject section */
		E03CA85D2846582500708AE1 /* Project object */ = {
			isa = PBXProject;
			attributes = {
				BuildIndependentTargetsInParallel = 1;
				LastSwiftUpdateCheck = 1340;
				LastUpgradeCheck = 1340;
				TargetAttributes = {
					E03CA8642846582500708AE1 = {
						CreatedOnToolsVersion = 13.4;
					};
					E03CA87A2846582900708AE1 = {
						CreatedOnToolsVersion = 13.4;
						LastSwiftMigration = 1340;
						TestTargetID = E03CA8642846582500708AE1;
					};
				};
			};
			buildConfigurationList = E03CA8602846582500708AE1 /* Build configuration list for PBXProject "GithubFetcher2.0" */;
			compatibilityVersion = "Xcode 13.0";
			developmentRegion = en;
			hasScannedForEncodings = 0;
			knownRegions = (
				en,
				Base,
			);
			mainGroup = E03CA85C2846582500708AE1;
			productRefGroup = E03CA8662846582500708AE1 /* Products */;
			projectDirPath = "";
			projectRoot = "";
			targets = (
				E03CA8642846582500708AE1 /* GithubFetcher2.0 */,
				E03CA87A2846582900708AE1 /* GithubFetcher2.0Tests */,
			);
		};
/* End PBXProject section */

/* Begin PBXResourcesBuildPhase section */
		E03CA8632846582500708AE1 /* Resources */ = {
			isa = PBXResourcesBuildPhase;
			buildActionMask = 2147483647;
			files = (
				E069779A284A5D5A00EE6F17 /* SearchListViewController.xib in Resources */,
				E06977A1284A5E3500EE6F17 /* SearchListTableViewCell.xib in Resources */,
				E03CA8752846582900708AE1 /* LaunchScreen.storyboard in Resources */,
				E03CA8722846582900708AE1 /* Assets.xcassets in Resources */,
			);
			runOnlyForDeploymentPostprocessing = 0;
		};
		E03CA8792846582900708AE1 /* Resources */ = {
			isa = PBXResourcesBuildPhase;
			buildActionMask = 2147483647;
			files = (
				E01C9B732846632D00CA5B95 /* RepositoriesResponse.json in Resources */,
			);
			runOnlyForDeploymentPostprocessing = 0;
		};
/* End PBXResourcesBuildPhase section */

/* Begin PBXShellScriptBuildPhase section */
		08663813AE8954321776C734 /* [CP] Check Pods Manifest.lock */ = {
			isa = PBXShellScriptBuildPhase;
			buildActionMask = 2147483647;
			files = (
			);
			inputFileListPaths = (
			);
			inputPaths = (
				"${PODS_PODFILE_DIR_PATH}/Podfile.lock",
				"${PODS_ROOT}/Manifest.lock",
			);
			name = "[CP] Check Pods Manifest.lock";
			outputFileListPaths = (
			);
			outputPaths = (
				"$(DERIVED_FILE_DIR)/Pods-GithubFetcher2.0Tests-checkManifestLockResult.txt",
			);
			runOnlyForDeploymentPostprocessing = 0;
			shellPath = /bin/sh;
			shellScript = "diff \"${PODS_PODFILE_DIR_PATH}/Podfile.lock\" \"${PODS_ROOT}/Manifest.lock\" > /dev/null\nif [ $? != 0 ] ; then\n    # print error to STDERR\n    echo \"error: The sandbox is not in sync with the Podfile.lock. Run 'pod install' or update your CocoaPods installation.\" >&2\n    exit 1\nfi\n# This output is used by Xcode 'outputs' to avoid re-running this script phase.\necho \"SUCCESS\" > \"${SCRIPT_OUTPUT_FILE_0}\"\n";
			showEnvVarsInLog = 0;
		};
		6BB6461940F944BD52404A16 /* [CP] Check Pods Manifest.lock */ = {
			isa = PBXShellScriptBuildPhase;
			buildActionMask = 2147483647;
			files = (
			);
			inputFileListPaths = (
			);
			inputPaths = (
				"${PODS_PODFILE_DIR_PATH}/Podfile.lock",
				"${PODS_ROOT}/Manifest.lock",
			);
			name = "[CP] Check Pods Manifest.lock";
			outputFileListPaths = (
			);
			outputPaths = (
				"$(DERIVED_FILE_DIR)/Pods-GithubFetcher2.0-checkManifestLockResult.txt",
			);
			runOnlyForDeploymentPostprocessing = 0;
			shellPath = /bin/sh;
			shellScript = "diff \"${PODS_PODFILE_DIR_PATH}/Podfile.lock\" \"${PODS_ROOT}/Manifest.lock\" > /dev/null\nif [ $? != 0 ] ; then\n    # print error to STDERR\n    echo \"error: The sandbox is not in sync with the Podfile.lock. Run 'pod install' or update your CocoaPods installation.\" >&2\n    exit 1\nfi\n# This output is used by Xcode 'outputs' to avoid re-running this script phase.\necho \"SUCCESS\" > \"${SCRIPT_OUTPUT_FILE_0}\"\n";
			showEnvVarsInLog = 0;
		};
		B489337BCA20EF545E5D5C65 /* [CP] Embed Pods Frameworks */ = {
			isa = PBXShellScriptBuildPhase;
			buildActionMask = 2147483647;
			files = (
			);
			inputFileListPaths = (
				"${PODS_ROOT}/Target Support Files/Pods-GithubFetcher2.0Tests/Pods-GithubFetcher2.0Tests-frameworks-${CONFIGURATION}-input-files.xcfilelist",
			);
			name = "[CP] Embed Pods Frameworks";
			outputFileListPaths = (
				"${PODS_ROOT}/Target Support Files/Pods-GithubFetcher2.0Tests/Pods-GithubFetcher2.0Tests-frameworks-${CONFIGURATION}-output-files.xcfilelist",
			);
			runOnlyForDeploymentPostprocessing = 0;
			shellPath = /bin/sh;
			shellScript = "\"${PODS_ROOT}/Target Support Files/Pods-GithubFetcher2.0Tests/Pods-GithubFetcher2.0Tests-frameworks.sh\"\n";
			showEnvVarsInLog = 0;
		};
		DC107DBF152ECB3BC344D325 /* [CP] Embed Pods Frameworks */ = {
			isa = PBXShellScriptBuildPhase;
			buildActionMask = 2147483647;
			files = (
			);
			inputFileListPaths = (
				"${PODS_ROOT}/Target Support Files/Pods-GithubFetcher2.0/Pods-GithubFetcher2.0-frameworks-${CONFIGURATION}-input-files.xcfilelist",
			);
			name = "[CP] Embed Pods Frameworks";
			outputFileListPaths = (
				"${PODS_ROOT}/Target Support Files/Pods-GithubFetcher2.0/Pods-GithubFetcher2.0-frameworks-${CONFIGURATION}-output-files.xcfilelist",
			);
			runOnlyForDeploymentPostprocessing = 0;
			shellPath = /bin/sh;
			shellScript = "\"${PODS_ROOT}/Target Support Files/Pods-GithubFetcher2.0/Pods-GithubFetcher2.0-frameworks.sh\"\n";
			showEnvVarsInLog = 0;
		};
/* End PBXShellScriptBuildPhase section */

/* Begin PBXSourcesBuildPhase section */
		E03CA8612846582500708AE1 /* Sources */ = {
			isa = PBXSourcesBuildPhase;
			buildActionMask = 2147483647;
			files = (
				E01C9B81284664E300CA5B95 /* GithubTarget.swift in Sources */,
				E01C9B8728466BB900CA5B95 /* GFNetworkError.swift in Sources */,
				E0697799284A5D5A00EE6F17 /* SearchListViewController.swift in Sources */,
				E04365C1284A278200A3D8D6 /* SearchListViewModel.swift in Sources */,
				E04365C4284A2AD900A3D8D6 /* GFUserError.swift in Sources */,
				E03CA8692846582500708AE1 /* AppDelegate.swift in Sources */,
				E049104E284AAA3500C1C54F /* ViewConstants.swift in Sources */,
				E01C9B6328465E5500CA5B95 /* MainCoordinator.swift in Sources */,
				E01C9B7F284664BD00CA5B95 /* NetworkService.swift in Sources */,
				E03CA86B2846582500708AE1 /* SceneDelegate.swift in Sources */,
				E06977A0284A5E3500EE6F17 /* SearchListTableViewCell.swift in Sources */,
				E069779D284A5E1300EE6F17 /* SearchListTableViewCellViewModel.swift in Sources */,
				E01C9B8528466A0800CA5B95 /* Repository.swift in Sources */,
			);
			runOnlyForDeploymentPostprocessing = 0;
		};
		E03CA8772846582900708AE1 /* Sources */ = {
			isa = PBXSourcesBuildPhase;
			buildActionMask = 2147483647;
			files = (
				E01C9B91284679E700CA5B95 /* GithubTarget+SampleData.swift in Sources */,
				E01C9B9628467AB800CA5B95 /* SampleDataKeeper.swift in Sources */,
				E04365BE284A26F800A3D8D6 /* SearchListViewModelTests.swift in Sources */,
				E00CF3892847670400191E8C /* SearchResult.swift in Sources */,
				E00CF3862847591000191E8C /* GithubServiceTests.swift in Sources */,
				E01C9B8C2846799800CA5B95 /* MockMoyaProvider.swift in Sources */,
			);
			runOnlyForDeploymentPostprocessing = 0;
		};
/* End PBXSourcesBuildPhase section */

/* Begin PBXTargetDependency section */
		E03CA87D2846582900708AE1 /* PBXTargetDependency */ = {
			isa = PBXTargetDependency;
			target = E03CA8642846582500708AE1 /* GithubFetcher2.0 */;
			targetProxy = E03CA87C2846582900708AE1 /* PBXContainerItemProxy */;
		};
/* End PBXTargetDependency section */

/* Begin PBXVariantGroup section */
		E03CA8732846582900708AE1 /* LaunchScreen.storyboard */ = {
			isa = PBXVariantGroup;
			children = (
				E03CA8742846582900708AE1 /* Base */,
			);
			name = LaunchScreen.storyboard;
			sourceTree = "<group>";
		};
/* End PBXVariantGroup section */

/* Begin XCBuildConfiguration section */
		E03CA88D2846582900708AE1 /* Debug */ = {
			isa = XCBuildConfiguration;
			buildSettings = {
				ALWAYS_EMBED_SWIFT_STANDARD_LIBRARIES = "$(inherited)";
				ALWAYS_SEARCH_USER_PATHS = NO;
				CLANG_ANALYZER_NONNULL = YES;
				CLANG_ANALYZER_NUMBER_OBJECT_CONVERSION = YES_AGGRESSIVE;
				CLANG_CXX_LANGUAGE_STANDARD = "gnu++17";
				CLANG_ENABLE_MODULES = YES;
				CLANG_ENABLE_OBJC_ARC = YES;
				CLANG_ENABLE_OBJC_WEAK = YES;
				CLANG_WARN_BLOCK_CAPTURE_AUTORELEASING = YES;
				CLANG_WARN_BOOL_CONVERSION = YES;
				CLANG_WARN_COMMA = YES;
				CLANG_WARN_CONSTANT_CONVERSION = YES;
				CLANG_WARN_DEPRECATED_OBJC_IMPLEMENTATIONS = YES;
				CLANG_WARN_DIRECT_OBJC_ISA_USAGE = YES_ERROR;
				CLANG_WARN_DOCUMENTATION_COMMENTS = YES;
				CLANG_WARN_EMPTY_BODY = YES;
				CLANG_WARN_ENUM_CONVERSION = YES;
				CLANG_WARN_INFINITE_RECURSION = YES;
				CLANG_WARN_INT_CONVERSION = YES;
				CLANG_WARN_NON_LITERAL_NULL_CONVERSION = YES;
				CLANG_WARN_OBJC_IMPLICIT_RETAIN_SELF = YES;
				CLANG_WARN_OBJC_LITERAL_CONVERSION = YES;
				CLANG_WARN_OBJC_ROOT_CLASS = YES_ERROR;
				CLANG_WARN_QUOTED_INCLUDE_IN_FRAMEWORK_HEADER = YES;
				CLANG_WARN_RANGE_LOOP_ANALYSIS = YES;
				CLANG_WARN_STRICT_PROTOTYPES = YES;
				CLANG_WARN_SUSPICIOUS_MOVE = YES;
				CLANG_WARN_UNGUARDED_AVAILABILITY = YES_AGGRESSIVE;
				CLANG_WARN_UNREACHABLE_CODE = YES;
				CLANG_WARN__DUPLICATE_METHOD_MATCH = YES;
				COPY_PHASE_STRIP = NO;
				DEBUG_INFORMATION_FORMAT = dwarf;
				ENABLE_STRICT_OBJC_MSGSEND = YES;
				ENABLE_TESTABILITY = YES;
				GCC_C_LANGUAGE_STANDARD = gnu11;
				GCC_DYNAMIC_NO_PIC = NO;
				GCC_NO_COMMON_BLOCKS = YES;
				GCC_OPTIMIZATION_LEVEL = 0;
				GCC_PREPROCESSOR_DEFINITIONS = (
					"DEBUG=1",
					"$(inherited)",
				);
				GCC_WARN_64_TO_32_BIT_CONVERSION = YES;
				GCC_WARN_ABOUT_RETURN_TYPE = YES_ERROR;
				GCC_WARN_UNDECLARED_SELECTOR = YES;
				GCC_WARN_UNINITIALIZED_AUTOS = YES_AGGRESSIVE;
				GCC_WARN_UNUSED_FUNCTION = YES;
				GCC_WARN_UNUSED_VARIABLE = YES;
				IPHONEOS_DEPLOYMENT_TARGET = 13.1;
				MTL_ENABLE_DEBUG_INFO = INCLUDE_SOURCE;
				MTL_FAST_MATH = YES;
				ONLY_ACTIVE_ARCH = YES;
				SDKROOT = iphoneos;
				SWIFT_ACTIVE_COMPILATION_CONDITIONS = DEBUG;
				SWIFT_OPTIMIZATION_LEVEL = "-Onone";
			};
			name = Debug;
		};
		E03CA88E2846582900708AE1 /* Release */ = {
			isa = XCBuildConfiguration;
			buildSettings = {
				ALWAYS_EMBED_SWIFT_STANDARD_LIBRARIES = "$(inherited)";
				ALWAYS_SEARCH_USER_PATHS = NO;
				CLANG_ANALYZER_NONNULL = YES;
				CLANG_ANALYZER_NUMBER_OBJECT_CONVERSION = YES_AGGRESSIVE;
				CLANG_CXX_LANGUAGE_STANDARD = "gnu++17";
				CLANG_ENABLE_MODULES = YES;
				CLANG_ENABLE_OBJC_ARC = YES;
				CLANG_ENABLE_OBJC_WEAK = YES;
				CLANG_WARN_BLOCK_CAPTURE_AUTORELEASING = YES;
				CLANG_WARN_BOOL_CONVERSION = YES;
				CLANG_WARN_COMMA = YES;
				CLANG_WARN_CONSTANT_CONVERSION = YES;
				CLANG_WARN_DEPRECATED_OBJC_IMPLEMENTATIONS = YES;
				CLANG_WARN_DIRECT_OBJC_ISA_USAGE = YES_ERROR;
				CLANG_WARN_DOCUMENTATION_COMMENTS = YES;
				CLANG_WARN_EMPTY_BODY = YES;
				CLANG_WARN_ENUM_CONVERSION = YES;
				CLANG_WARN_INFINITE_RECURSION = YES;
				CLANG_WARN_INT_CONVERSION = YES;
				CLANG_WARN_NON_LITERAL_NULL_CONVERSION = YES;
				CLANG_WARN_OBJC_IMPLICIT_RETAIN_SELF = YES;
				CLANG_WARN_OBJC_LITERAL_CONVERSION = YES;
				CLANG_WARN_OBJC_ROOT_CLASS = YES_ERROR;
				CLANG_WARN_QUOTED_INCLUDE_IN_FRAMEWORK_HEADER = YES;
				CLANG_WARN_RANGE_LOOP_ANALYSIS = YES;
				CLANG_WARN_STRICT_PROTOTYPES = YES;
				CLANG_WARN_SUSPICIOUS_MOVE = YES;
				CLANG_WARN_UNGUARDED_AVAILABILITY = YES_AGGRESSIVE;
				CLANG_WARN_UNREACHABLE_CODE = YES;
				CLANG_WARN__DUPLICATE_METHOD_MATCH = YES;
				COPY_PHASE_STRIP = NO;
				DEBUG_INFORMATION_FORMAT = "dwarf-with-dsym";
				ENABLE_NS_ASSERTIONS = NO;
				ENABLE_STRICT_OBJC_MSGSEND = YES;
				GCC_C_LANGUAGE_STANDARD = gnu11;
				GCC_NO_COMMON_BLOCKS = YES;
				GCC_WARN_64_TO_32_BIT_CONVERSION = YES;
				GCC_WARN_ABOUT_RETURN_TYPE = YES_ERROR;
				GCC_WARN_UNDECLARED_SELECTOR = YES;
				GCC_WARN_UNINITIALIZED_AUTOS = YES_AGGRESSIVE;
				GCC_WARN_UNUSED_FUNCTION = YES;
				GCC_WARN_UNUSED_VARIABLE = YES;
				IPHONEOS_DEPLOYMENT_TARGET = 13.1;
				MTL_ENABLE_DEBUG_INFO = NO;
				MTL_FAST_MATH = YES;
				SDKROOT = iphoneos;
				SWIFT_COMPILATION_MODE = wholemodule;
				SWIFT_OPTIMIZATION_LEVEL = "-O";
				VALIDATE_PRODUCT = YES;
			};
			name = Release;
		};
		E03CA8902846582900708AE1 /* Debug */ = {
			isa = XCBuildConfiguration;
			baseConfigurationReference = C1319FCA72A33CD349AA2184 /* Pods-GithubFetcher2.0.debug.xcconfig */;
			buildSettings = {
				ASSETCATALOG_COMPILER_APPICON_NAME = AppIcon;
				ASSETCATALOG_COMPILER_GLOBAL_ACCENT_COLOR_NAME = AccentColor;
				CODE_SIGN_STYLE = Automatic;
				CURRENT_PROJECT_VERSION = 1;
				DEVELOPMENT_TEAM = V6M3YC3LQG;
				GENERATE_INFOPLIST_FILE = YES;
				INFOPLIST_FILE = GithubFetcher2.0/Info.plist;
				INFOPLIST_KEY_UIApplicationSupportsIndirectInputEvents = YES;
				INFOPLIST_KEY_UILaunchStoryboardName = LaunchScreen;
				INFOPLIST_KEY_UISupportedInterfaceOrientations = UIInterfaceOrientationPortrait;
				INFOPLIST_KEY_UISupportedInterfaceOrientations_iPad = "UIInterfaceOrientationPortrait UIInterfaceOrientationPortraitUpsideDown UIInterfaceOrientationLandscapeLeft UIInterfaceOrientationLandscapeRight";
				INFOPLIST_KEY_UISupportedInterfaceOrientations_iPhone = "UIInterfaceOrientationPortrait UIInterfaceOrientationLandscapeLeft UIInterfaceOrientationLandscapeRight";
				LD_RUNPATH_SEARCH_PATHS = (
					"$(inherited)",
					"@executable_path/Frameworks",
				);
				MARKETING_VERSION = 1.0;
				PRODUCT_BUNDLE_IDENTIFIER = "com.mickaelruzel.GithubFetcher2-0";
				PRODUCT_NAME = "$(TARGET_NAME)";
				SWIFT_EMIT_LOC_STRINGS = YES;
				SWIFT_VERSION = 5.0;
				TARGETED_DEVICE_FAMILY = "1,2";
			};
			name = Debug;
		};
		E03CA8912846582900708AE1 /* Release */ = {
			isa = XCBuildConfiguration;
			baseConfigurationReference = 8FE3332F5B5F7C0A38A0E446 /* Pods-GithubFetcher2.0.release.xcconfig */;
			buildSettings = {
				ASSETCATALOG_COMPILER_APPICON_NAME = AppIcon;
				ASSETCATALOG_COMPILER_GLOBAL_ACCENT_COLOR_NAME = AccentColor;
				CODE_SIGN_STYLE = Automatic;
				CURRENT_PROJECT_VERSION = 1;
				DEVELOPMENT_TEAM = V6M3YC3LQG;
				GENERATE_INFOPLIST_FILE = YES;
				INFOPLIST_FILE = GithubFetcher2.0/Info.plist;
				INFOPLIST_KEY_UIApplicationSupportsIndirectInputEvents = YES;
				INFOPLIST_KEY_UILaunchStoryboardName = LaunchScreen;
				INFOPLIST_KEY_UISupportedInterfaceOrientations = UIInterfaceOrientationPortrait;
				INFOPLIST_KEY_UISupportedInterfaceOrientations_iPad = "UIInterfaceOrientationPortrait UIInterfaceOrientationPortraitUpsideDown UIInterfaceOrientationLandscapeLeft UIInterfaceOrientationLandscapeRight";
				INFOPLIST_KEY_UISupportedInterfaceOrientations_iPhone = "UIInterfaceOrientationPortrait UIInterfaceOrientationLandscapeLeft UIInterfaceOrientationLandscapeRight";
				LD_RUNPATH_SEARCH_PATHS = (
					"$(inherited)",
					"@executable_path/Frameworks",
				);
				MARKETING_VERSION = 1.0;
				PRODUCT_BUNDLE_IDENTIFIER = "com.mickaelruzel.GithubFetcher2-0";
				PRODUCT_NAME = "$(TARGET_NAME)";
				SWIFT_EMIT_LOC_STRINGS = YES;
				SWIFT_VERSION = 5.0;
				TARGETED_DEVICE_FAMILY = "1,2";
			};
			name = Release;
		};
		E03CA8932846582900708AE1 /* Debug */ = {
			isa = XCBuildConfiguration;
			baseConfigurationReference = 772AC0A9B10ACD0501BFAB59 /* Pods-GithubFetcher2.0Tests.debug.xcconfig */;
			buildSettings = {
				ALWAYS_EMBED_SWIFT_STANDARD_LIBRARIES = YES;
				BUNDLE_LOADER = "$(TEST_HOST)";
				CLANG_ENABLE_MODULES = YES;
				CODE_SIGN_STYLE = Automatic;
				CURRENT_PROJECT_VERSION = 1;
				DEVELOPMENT_TEAM = V6M3YC3LQG;
				GENERATE_INFOPLIST_FILE = YES;
				IPHONEOS_DEPLOYMENT_TARGET = 13.1;
				LD_RUNPATH_SEARCH_PATHS = (
					"$(inherited)",
					"@executable_path/Frameworks",
					"@loader_path/Frameworks",
				);
				MARKETING_VERSION = 1.0;
				PRODUCT_BUNDLE_IDENTIFIER = "com.mickaelruzel.GithubFetcher2-0Tests";
				PRODUCT_NAME = "$(TARGET_NAME)";
				SWIFT_EMIT_LOC_STRINGS = NO;
				SWIFT_INSTALL_OBJC_HEADER = YES;
				SWIFT_OBJC_BRIDGING_HEADER = "";
				SWIFT_OPTIMIZATION_LEVEL = "-Onone";
				SWIFT_VERSION = 5.0;
				TARGETED_DEVICE_FAMILY = "1,2";
				TEST_HOST = "$(BUILT_PRODUCTS_DIR)/GithubFetcher2.0.app/GithubFetcher2.0";
			};
			name = Debug;
		};
		E03CA8942846582900708AE1 /* Release */ = {
			isa = XCBuildConfiguration;
			baseConfigurationReference = 5C2C37D2CBB83E5766AE11A0 /* Pods-GithubFetcher2.0Tests.release.xcconfig */;
			buildSettings = {
				ALWAYS_EMBED_SWIFT_STANDARD_LIBRARIES = YES;
				BUNDLE_LOADER = "$(TEST_HOST)";
				CLANG_ENABLE_MODULES = YES;
				CODE_SIGN_STYLE = Automatic;
				CURRENT_PROJECT_VERSION = 1;
				DEVELOPMENT_TEAM = V6M3YC3LQG;
				GENERATE_INFOPLIST_FILE = YES;
				IPHONEOS_DEPLOYMENT_TARGET = 13.1;
				LD_RUNPATH_SEARCH_PATHS = (
					"$(inherited)",
					"@executable_path/Frameworks",
					"@loader_path/Frameworks",
				);
				MARKETING_VERSION = 1.0;
				PRODUCT_BUNDLE_IDENTIFIER = "com.mickaelruzel.GithubFetcher2-0Tests";
				PRODUCT_NAME = "$(TARGET_NAME)";
				SWIFT_EMIT_LOC_STRINGS = NO;
				SWIFT_INSTALL_OBJC_HEADER = YES;
				SWIFT_OBJC_BRIDGING_HEADER = "";
				SWIFT_VERSION = 5.0;
				TARGETED_DEVICE_FAMILY = "1,2";
				TEST_HOST = "$(BUILT_PRODUCTS_DIR)/GithubFetcher2.0.app/GithubFetcher2.0";
			};
			name = Release;
		};
/* End XCBuildConfiguration section */

/* Begin XCConfigurationList section */
		E03CA8602846582500708AE1 /* Build configuration list for PBXProject "GithubFetcher2.0" */ = {
			isa = XCConfigurationList;
			buildConfigurations = (
				E03CA88D2846582900708AE1 /* Debug */,
				E03CA88E2846582900708AE1 /* Release */,
			);
			defaultConfigurationIsVisible = 0;
			defaultConfigurationName = Release;
		};
		E03CA88F2846582900708AE1 /* Build configuration list for PBXNativeTarget "GithubFetcher2.0" */ = {
			isa = XCConfigurationList;
			buildConfigurations = (
				E03CA8902846582900708AE1 /* Debug */,
				E03CA8912846582900708AE1 /* Release */,
			);
			defaultConfigurationIsVisible = 0;
			defaultConfigurationName = Release;
		};
		E03CA8922846582900708AE1 /* Build configuration list for PBXNativeTarget "GithubFetcher2.0Tests" */ = {
			isa = XCConfigurationList;
			buildConfigurations = (
				E03CA8932846582900708AE1 /* Debug */,
				E03CA8942846582900708AE1 /* Release */,
			);
			defaultConfigurationIsVisible = 0;
			defaultConfigurationName = Release;
		};
/* End XCConfigurationList section */
	};
	rootObject = E03CA85D2846582500708AE1 /* Project object */;
}
